
Microsoft Visual Studio Solution File, Format Version 12.00
# Visual Studio Version 17
VisualStudioVersion = 17.8.34601.278
MinimumVisualStudioVersion = 10.0.40219.1
Project("{2150E333-8FDC-42A3-9474-1A3956D46DE8}") = "src", "src", "{2D02BE87-A30D-461C-B083-F73F18412596}"
EndProject
Project("{2150E333-8FDC-42A3-9474-1A3956D46DE8}") = "Test", "Test", "{9122437D-9DD9-4047-A52F-A76E78527524}"
EndProject
Project("{FAE04EC0-301F-11D3-BF4B-00C04F79EFBC}") = "Application.Infrastructure.Test", "Application.Infrastructure.Test\Application.Infrastructure.Test.csproj", "{03658BEF-5E36-4C2C-8ACC-D10D6B1296C8}"
EndProject
Project("{FAE04EC0-301F-11D3-BF4B-00C04F79EFBC}") = "Application.Infrastructure", "Application.Infrastructure\Application.Infrastructure.csproj", "{C99A50E8-931F-424E-8270-A9A40304C778}"
EndProject
Project("{FAE04EC0-301F-11D3-BF4B-00C04F79EFBC}") = "Application.Core", "Application.Core\Application.Core.csproj", "{B64AD22E-B3F2-4AD0-85DC-148A768EEF87}"
EndProject
Project("{FAE04EC0-301F-11D3-BF4B-00C04F79EFBC}") = "Presentation.Api", "Presentation.Api\Presentation.Api.csproj", "{E767CD49-AC59-4BC8-B61B-750861BE05E2}"
EndProject
Project("{2150E333-8FDC-42A3-9474-1A3956D46DE8}") = "Solution Items", "Solution Items", "{6F7FE7B6-CF1A-40B3-89D7-F822E4B14913}"
	ProjectSection(SolutionItems) = preProject
		.editorconfig = .editorconfig
	EndProjectSection
EndProject
Global
	GlobalSection(SolutionConfigurationPlatforms) = preSolution
		Debug|Any CPU = Debug|Any CPU
		Release|Any CPU = Release|Any CPU
	EndGlobalSection
	GlobalSection(ProjectConfigurationPlatforms) = postSolution
		{03658BEF-5E36-4C2C-8ACC-D10D6B1296C8}.Debug|Any CPU.ActiveCfg = Debug|Any CPU
		{03658BEF-5E36-4C2C-8ACC-D10D6B1296C8}.Debug|Any CPU.Build.0 = Debug|Any CPU
		{03658BEF-5E36-4C2C-8ACC-D10D6B1296C8}.Release|Any CPU.ActiveCfg = Release|Any CPU
		{03658BEF-5E36-4C2C-8ACC-D10D6B1296C8}.Release|Any CPU.Build.0 = Release|Any CPU
		{C99A50E8-931F-424E-8270-A9A40304C778}.Debug|Any CPU.ActiveCfg = Debug|Any CPU
		{C99A50E8-931F-424E-8270-A9A40304C778}.Debug|Any CPU.Build.0 = Debug|Any CPU
		{C99A50E8-931F-424E-8270-A9A40304C778}.Release|Any CPU.ActiveCfg = Release|Any CPU
		{C99A50E8-931F-424E-8270-A9A40304C778}.Release|Any CPU.Build.0 = Release|Any CPU
		{B64AD22E-B3F2-4AD0-85DC-148A768EEF87}.Debug|Any CPU.ActiveCfg = Debug|Any CPU
		{B64AD22E-B3F2-4AD0-85DC-148A768EEF87}.Debug|Any CPU.Build.0 = Debug|Any CPU
		{B64AD22E-B3F2-4AD0-85DC-148A768EEF87}.Release|Any CPU.ActiveCfg = Release|Any CPU
		{B64AD22E-B3F2-4AD0-85DC-148A768EEF87}.Release|Any CPU.Build.0 = Release|Any CPU
		{E767CD49-AC59-4BC8-B61B-750861BE05E2}.Debug|Any CPU.ActiveCfg = Debug|Any CPU
		{E767CD49-AC59-4BC8-B61B-750861BE05E2}.Debug|Any CPU.Build.0 = Debug|Any CPU
		{E767CD49-AC59-4BC8-B61B-750861BE05E2}.Release|Any CPU.ActiveCfg = Release|Any CPU
		{E767CD49-AC59-4BC8-B61B-750861BE05E2}.Release|Any CPU.Build.0 = Release|Any CPU
	EndGlobalSection
	GlobalSection(SolutionProperties) = preSolution
		HideSolutionNode = FALSE
	EndGlobalSection
	GlobalSection(NestedProjects) = preSolution
		{03658BEF-5E36-4C2C-8ACC-D10D6B1296C8} = {9122437D-9DD9-4047-A52F-A76E78527524}
		{C99A50E8-931F-424E-8270-A9A40304C778} = {2D02BE87-A30D-461C-B083-F73F18412596}
		{B64AD22E-B3F2-4AD0-85DC-148A768EEF87} = {2D02BE87-A30D-461C-B083-F73F18412596}
		{E767CD49-AC59-4BC8-B61B-750861BE05E2} = {2D02BE87-A30D-461C-B083-F73F18412596}
	EndGlobalSection
	GlobalSection(ExtensibilityGlobals) = postSolution
		SolutionGuid = {978B2B9E-6C16-42D3-8CC8-C84320E404BA}
	EndGlobalSection
EndGlobal
